
Microsoft Visual Studio Solution File, Format Version 12.00
# Visual Studio Version 16
VisualStudioVersion = 16.0.30413.136
MinimumVisualStudioVersion = 10.0.40219.1
Project("{8BC9CEB8-8B4A-11D0-8D11-00A0C91BC942}") = "Project_Group03", "Project_Group03\Project_Group03.vcxproj", "{AF7205E7-0737-4E98-94E1-F0C0DF6D9571}"
EndProject
Global
	GlobalSection(SolutionConfigurationPlatforms) = preSolution
		Debug|x64 = Debug|x64
		Debug|x86 = Debug|x86
		Release|x64 = Release|x64
		Release|x86 = Release|x86
	EndGlobalSection
	GlobalSection(ProjectConfigurationPlatforms) = postSolution
		{AF7205E7-0737-4E98-94E1-F0C0DF6D9571}.Debug|x64.ActiveCfg = Debug|x64
		{AF7205E7-0737-4E98-94E1-F0C0DF6D9571}.Debug|x64.Build.0 = Debug|x64
		{AF7205E7-0737-4E98-94E1-F0C0DF6D9571}.Debug|x86.ActiveCfg = Debug|Win32
		{AF7205E7-0737-4E98-94E1-F0C0DF6D9571}.Debug|x86.Build.0 = Debug|Win32
		{AF7205E7-0737-4E98-94E1-F0C0DF6D9571}.Release|x64.ActiveCfg = Release|x64
		{AF7205E7-0737-4E98-94E1-F0C0DF6D9571}.Release|x64.Build.0 = Release|x64
		{AF7205E7-0737-4E98-94E1-F0C0DF6D9571}.Release|x86.ActiveCfg = Release|Win32
		{AF7205E7-0737-4E98-94E1-F0C0DF6D9571}.Release|x86.Build.0 = Release|Win32
	EndGlobalSection
	GlobalSection(SolutionProperties) = preSolution
		HideSolutionNode = FALSE
	EndGlobalSection
	GlobalSection(ExtensibilityGlobals) = postSolution
		SolutionGuid = {16D4C510-4750-468F-8670-9E20AC278700}
	EndGlobalSection
EndGlobal
